
Microsoft Visual Studio Solution File, Format Version 12.00
# Visual Studio Version 17
VisualStudioVersion = 17.0.31903.59
MinimumVisualStudioVersion = 10.0.40219.1
Project("{2150E333-8FDC-42A3-9474-1A3956D46DE8}") = "src", "src", "{827E0CD3-B72D-47B6-A68D-7590B98EB39B}"
EndProject
Project("{FAE04EC0-301F-11D3-BF4B-00C04F79EFBC}") = "Cepheus.Domain", "src\Cepheus.Domain\Cepheus.Domain.csproj", "{1E8835B6-EDB9-4461-8ECD-8883901A91D4}"
EndProject
Project("{FAE04EC0-301F-11D3-BF4B-00C04F79EFBC}") = "Cepheus.Application", "src\Cepheus.Application\Cepheus.Application.csproj", "{EEB47ED8-0C83-40BF-9636-9EE691C53284}"
EndProject
Project("{FAE04EC0-301F-11D3-BF4B-00C04F79EFBC}") = "Cepheus.Infrastructure", "src\Cepheus.Infrastructure\Cepheus.Infrastructure.csproj", "{3CD62216-C42F-4453-B3F5-34866CB1411A}"
EndProject
Project("{FAE04EC0-301F-11D3-BF4B-00C04F79EFBC}") = "Cepheus.API", "src\Cepheus.API\Cepheus.API.csproj", "{C968A491-97E9-4460-AFC3-8C3D3E6D47A2}"
EndProject
Global
	GlobalSection(SolutionConfigurationPlatforms) = preSolution
		Debug|Any CPU = Debug|Any CPU
		Debug|x64 = Debug|x64
		Debug|x86 = Debug|x86
		Release|Any CPU = Release|Any CPU
		Release|x64 = Release|x64
		Release|x86 = Release|x86
	EndGlobalSection
	GlobalSection(ProjectConfigurationPlatforms) = postSolution
		{1E8835B6-EDB9-4461-8ECD-8883901A91D4}.Debug|Any CPU.ActiveCfg = Debug|Any CPU
		{1E8835B6-EDB9-4461-8ECD-8883901A91D4}.Debug|Any CPU.Build.0 = Debug|Any CPU
		{1E8835B6-EDB9-4461-8ECD-8883901A91D4}.Debug|x64.ActiveCfg = Debug|Any CPU
		{1E8835B6-EDB9-4461-8ECD-8883901A91D4}.Debug|x64.Build.0 = Debug|Any CPU
		{1E8835B6-EDB9-4461-8ECD-8883901A91D4}.Debug|x86.ActiveCfg = Debug|Any CPU
		{1E8835B6-EDB9-4461-8ECD-8883901A91D4}.Debug|x86.Build.0 = Debug|Any CPU
		{1E8835B6-EDB9-4461-8ECD-8883901A91D4}.Release|Any CPU.ActiveCfg = Release|Any CPU
		{1E8835B6-EDB9-4461-8ECD-8883901A91D4}.Release|Any CPU.Build.0 = Release|Any CPU
		{1E8835B6-EDB9-4461-8ECD-8883901A91D4}.Release|x64.ActiveCfg = Release|Any CPU
		{1E8835B6-EDB9-4461-8ECD-8883901A91D4}.Release|x64.Build.0 = Release|Any CPU
		{1E8835B6-EDB9-4461-8ECD-8883901A91D4}.Release|x86.ActiveCfg = Release|Any CPU
		{1E8835B6-EDB9-4461-8ECD-8883901A91D4}.Release|x86.Build.0 = Release|Any CPU
		{EEB47ED8-0C83-40BF-9636-9EE691C53284}.Debug|Any CPU.ActiveCfg = Debug|Any CPU
		{EEB47ED8-0C83-40BF-9636-9EE691C53284}.Debug|Any CPU.Build.0 = Debug|Any CPU
		{EEB47ED8-0C83-40BF-9636-9EE691C53284}.Debug|x64.ActiveCfg = Debug|Any CPU
		{EEB47ED8-0C83-40BF-9636-9EE691C53284}.Debug|x64.Build.0 = Debug|Any CPU
		{EEB47ED8-0C83-40BF-9636-9EE691C53284}.Debug|x86.ActiveCfg = Debug|Any CPU
		{EEB47ED8-0C83-40BF-9636-9EE691C53284}.Debug|x86.Build.0 = Debug|Any CPU
		{EEB47ED8-0C83-40BF-9636-9EE691C53284}.Release|Any CPU.ActiveCfg = Release|Any CPU
		{EEB47ED8-0C83-40BF-9636-9EE691C53284}.Release|Any CPU.Build.0 = Release|Any CPU
		{EEB47ED8-0C83-40BF-9636-9EE691C53284}.Release|x64.ActiveCfg = Release|Any CPU
		{EEB47ED8-0C83-40BF-9636-9EE691C53284}.Release|x64.Build.0 = Release|Any CPU
		{EEB47ED8-0C83-40BF-9636-9EE691C53284}.Release|x86.ActiveCfg = Release|Any CPU
		{EEB47ED8-0C83-40BF-9636-9EE691C53284}.Release|x86.Build.0 = Release|Any CPU
		{3CD62216-C42F-4453-B3F5-34866CB1411A}.Debug|Any CPU.ActiveCfg = Debug|Any CPU
		{3CD62216-C42F-4453-B3F5-34866CB1411A}.Debug|Any CPU.Build.0 = Debug|Any CPU
		{3CD62216-C42F-4453-B3F5-34866CB1411A}.Debug|x64.ActiveCfg = Debug|Any CPU
		{3CD62216-C42F-4453-B3F5-34866CB1411A}.Debug|x64.Build.0 = Debug|Any CPU
		{3CD62216-C42F-4453-B3F5-34866CB1411A}.Debug|x86.ActiveCfg = Debug|Any CPU
		{3CD62216-C42F-4453-B3F5-34866CB1411A}.Debug|x86.Build.0 = Debug|Any CPU
		{3CD62216-C42F-4453-B3F5-34866CB1411A}.Release|Any CPU.ActiveCfg = Release|Any CPU
		{3CD62216-C42F-4453-B3F5-34866CB1411A}.Release|Any CPU.Build.0 = Release|Any CPU
		{3CD62216-C42F-4453-B3F5-34866CB1411A}.Release|x64.ActiveCfg = Release|Any CPU
		{3CD62216-C42F-4453-B3F5-34866CB1411A}.Release|x64.Build.0 = Release|Any CPU
		{3CD62216-C42F-4453-B3F5-34866CB1411A}.Release|x86.ActiveCfg = Release|Any CPU
		{3CD62216-C42F-4453-B3F5-34866CB1411A}.Release|x86.Build.0 = Release|Any CPU
		{C968A491-97E9-4460-AFC3-8C3D3E6D47A2}.Debug|Any CPU.ActiveCfg = Debug|Any CPU
		{C968A491-97E9-4460-AFC3-8C3D3E6D47A2}.Debug|Any CPU.Build.0 = Debug|Any CPU
		{C968A491-97E9-4460-AFC3-8C3D3E6D47A2}.Debug|x64.ActiveCfg = Debug|Any CPU
		{C968A491-97E9-4460-AFC3-8C3D3E6D47A2}.Debug|x64.Build.0 = Debug|Any CPU
		{C968A491-97E9-4460-AFC3-8C3D3E6D47A2}.Debug|x86.ActiveCfg = Debug|Any CPU
		{C968A491-97E9-4460-AFC3-8C3D3E6D47A2}.Debug|x86.Build.0 = Debug|Any CPU
		{C968A491-97E9-4460-AFC3-8C3D3E6D47A2}.Release|Any CPU.ActiveCfg = Release|Any CPU
		{C968A491-97E9-4460-AFC3-8C3D3E6D47A2}.Release|Any CPU.Build.0 = Release|Any CPU
		{C968A491-97E9-4460-AFC3-8C3D3E6D47A2}.Release|x64.ActiveCfg = Release|Any CPU
		{C968A491-97E9-4460-AFC3-8C3D3E6D47A2}.Release|x64.Build.0 = Release|Any CPU
		{C968A491-97E9-4460-AFC3-8C3D3E6D47A2}.Release|x86.ActiveCfg = Release|Any CPU
		{C968A491-97E9-4460-AFC3-8C3D3E6D47A2}.Release|x86.Build.0 = Release|Any CPU
	EndGlobalSection
	GlobalSection(SolutionProperties) = preSolution
		HideSolutionNode = FALSE
	EndGlobalSection
	GlobalSection(NestedProjects) = preSolution
		{1E8835B6-EDB9-4461-8ECD-8883901A91D4} = {827E0CD3-B72D-47B6-A68D-7590B98EB39B}
		{EEB47ED8-0C83-40BF-9636-9EE691C53284} = {827E0CD3-B72D-47B6-A68D-7590B98EB39B}
		{3CD62216-C42F-4453-B3F5-34866CB1411A} = {827E0CD3-B72D-47B6-A68D-7590B98EB39B}
		{C968A491-97E9-4460-AFC3-8C3D3E6D47A2} = {827E0CD3-B72D-47B6-A68D-7590B98EB39B}
	EndGlobalSection
EndGlobal
